
Microsoft Visual Studio Solution File, Format Version 12.00
# Visual Studio Version 17
VisualStudioVersion = 17.4.33110.190
MinimumVisualStudioVersion = 10.0.40219.1
Project("{FAE04EC0-301F-11D3-BF4B-00C04F79EFBC}") = "WebAPI", "WebAPI\WebAPI.csproj", "{56D097BB-51FA-4885-BF0C-13E36CFC70F7}"
EndProject
Global
	GlobalSection(SolutionConfigurationPlatforms) = preSolution
		Debug|Any CPU = Debug|Any CPU
		Release|Any CPU = Release|Any CPU
	EndGlobalSection
	GlobalSection(ProjectConfigurationPlatforms) = postSolution
		{56D097BB-51FA-4885-BF0C-13E36CFC70F7}.Debug|Any CPU.ActiveCfg = Debug|Any CPU
		{56D097BB-51FA-4885-BF0C-13E36CFC70F7}.Debug|Any CPU.Build.0 = Debug|Any CPU
		{56D097BB-51FA-4885-BF0C-13E36CFC70F7}.Release|Any CPU.ActiveCfg = Release|Any CPU
		{56D097BB-51FA-4885-BF0C-13E36CFC70F7}.Release|Any CPU.Build.0 = Release|Any CPU
	EndGlobalSection
	GlobalSection(SolutionProperties) = preSolution
		HideSolutionNode = FALSE
	EndGlobalSection
	GlobalSection(ExtensibilityGlobals) = postSolution
		SolutionGuid = {8EB81A63-D42C-47E8-A8D4-87EDC5ADB885}
	EndGlobalSection
EndGlobal
